{
  "version": 4,
  "terraform_version": "1.2.2",
  "serial": 17,
  "lineage": "1acb0960-f4a7-ef3f-cc74-945818f00a0b",
  "outputs": {
    "vpcid": {
      "value": "vpc-06c75cc2a98d5e63c",
      "type": "string"
    }
  },
  "resources": [
    {
      "mode": "managed",
      "type": "aws_vpc",
      "name": "myvpc",
      "provider": "provider[\"registry.terraform.io/hashicorp/aws\"]",
      "instances": [
        {
          "schema_version": 1,
          "attributes": {
            "arn": "arn:aws:ec2:us-east-1:914005136749:vpc/vpc-06c75cc2a98d5e63c",
            "assign_generated_ipv6_cidr_block": false,
            "cidr_block": "10.0.0.0/16",
            "default_network_acl_id": "acl-0476c0b1a8f1ec49a",
            "default_route_table_id": "rtb-0ecf9eab8792c3919",
            "default_security_group_id": "sg-008e5d6792330cdcb",
            "dhcp_options_id": "dopt-0eb42fd509865287a",
            "enable_classiclink": false,
            "enable_classiclink_dns_support": false,
            "enable_dns_hostnames": false,
            "enable_dns_support": true,
            "id": "vpc-06c75cc2a98d5e63c",
            "instance_tenancy": "default",
            "ipv4_ipam_pool_id": null,
            "ipv4_netmask_length": null,
            "ipv6_association_id": "",
            "ipv6_cidr_block": "",
            "ipv6_cidr_block_network_border_group": "",
            "ipv6_ipam_pool_id": "",
            "ipv6_netmask_length": 0,
            "main_route_table_id": "rtb-0ecf9eab8792c3919",
            "owner_id": "914005136749",
            "tags": {
              "Name": "inputvpc"
            },
            "tags_all": {
              "Name": "inputvpc"
            }
          },
          "sensitive_attributes": [],
          "private": "eyJzY2hlbWFfdmVyc2lvbiI6IjEifQ=="
        }
      ]
    }
  ]
}
